
Microsoft Visual Studio Solution File, Format Version 12.00
# Visual Studio Version 17
VisualStudioVersion = 17.14.36623.8 d17.14
MinimumVisualStudioVersion = 10.0.40219.1
Project("{FAE04EC0-301F-11D3-BF4B-00C04F79EFBC}") = "MauiAppTempoAgora", "MauiAppTempoAgora\MauiAppTempoAgora.csproj", "{70379293-8BDF-41D6-A9DC-5888DFA489DE}"
EndProject
Global
	GlobalSection(SolutionConfigurationPlatforms) = preSolution
		Debug|Any CPU = Debug|Any CPU
		Release|Any CPU = Release|Any CPU
	EndGlobalSection
	GlobalSection(ProjectConfigurationPlatforms) = postSolution
		{70379293-8BDF-41D6-A9DC-5888DFA489DE}.Debug|Any CPU.ActiveCfg = Debug|Any CPU
		{70379293-8BDF-41D6-A9DC-5888DFA489DE}.Debug|Any CPU.Build.0 = Debug|Any CPU
		{70379293-8BDF-41D6-A9DC-5888DFA489DE}.Debug|Any CPU.Deploy.0 = Debug|Any CPU
		{70379293-8BDF-41D6-A9DC-5888DFA489DE}.Release|Any CPU.ActiveCfg = Release|Any CPU
		{70379293-8BDF-41D6-A9DC-5888DFA489DE}.Release|Any CPU.Build.0 = Release|Any CPU
		{70379293-8BDF-41D6-A9DC-5888DFA489DE}.Release|Any CPU.Deploy.0 = Release|Any CPU
	EndGlobalSection
	GlobalSection(SolutionProperties) = preSolution
		HideSolutionNode = FALSE
	EndGlobalSection
	GlobalSection(ExtensibilityGlobals) = postSolution
		SolutionGuid = {B0564BCC-81BF-477E-95AE-BEAFC776BEAC}
	EndGlobalSection
EndGlobal
